
Microsoft Visual Studio Solution File, Format Version 12.00
# Visual Studio Version 16
VisualStudioVersion = 16.0.31613.86
MinimumVisualStudioVersion = 10.0.40219.1
Project("{FAE04EC0-301F-11D3-BF4B-00C04F79EFBC}") = "WinformsBootstrap", "WinformsBootstrap\WinformsBootstrap.csproj", "{A594F163-C226-4FCD-8D77-9C24168ED698}"
EndProject
Project("{FAE04EC0-301F-11D3-BF4B-00C04F79EFBC}") = "Test", "Test\Test.csproj", "{C3F4C563-D501-4A26-9FCE-989B1D4D17E7}"
EndProject
Global
	GlobalSection(SolutionConfigurationPlatforms) = preSolution
		Debug|Any CPU = Debug|Any CPU
		Release|Any CPU = Release|Any CPU
	EndGlobalSection
	GlobalSection(ProjectConfigurationPlatforms) = postSolution
		{A594F163-C226-4FCD-8D77-9C24168ED698}.Debug|Any CPU.ActiveCfg = Debug|Any CPU
		{A594F163-C226-4FCD-8D77-9C24168ED698}.Debug|Any CPU.Build.0 = Debug|Any CPU
		{A594F163-C226-4FCD-8D77-9C24168ED698}.Release|Any CPU.ActiveCfg = Release|Any CPU
		{A594F163-C226-4FCD-8D77-9C24168ED698}.Release|Any CPU.Build.0 = Release|Any CPU
		{C3F4C563-D501-4A26-9FCE-989B1D4D17E7}.Debug|Any CPU.ActiveCfg = Debug|Any CPU
		{C3F4C563-D501-4A26-9FCE-989B1D4D17E7}.Debug|Any CPU.Build.0 = Debug|Any CPU
		{C3F4C563-D501-4A26-9FCE-989B1D4D17E7}.Release|Any CPU.ActiveCfg = Release|Any CPU
		{C3F4C563-D501-4A26-9FCE-989B1D4D17E7}.Release|Any CPU.Build.0 = Release|Any CPU
	EndGlobalSection
	GlobalSection(SolutionProperties) = preSolution
		HideSolutionNode = FALSE
	EndGlobalSection
	GlobalSection(ExtensibilityGlobals) = postSolution
		SolutionGuid = {DEACD023-F81F-44D7-BD1D-7F352103FC52}
	EndGlobalSection
EndGlobal
